
Microsoft Visual Studio Solution File, Format Version 12.00
# Visual Studio 14
VisualStudioVersion = 14.0.25420.1
MinimumVisualStudioVersion = 10.0.40219.1
Project("{FAE04EC0-301F-11D3-BF4B-00C04F79EFBC}") = "AuthBot", "AuthBot\AuthBot.csproj", "{B8AD59D3-C36D-4E18-B504-06871001BC8D}"
EndProject
Project("{FAE04EC0-301F-11D3-BF4B-00C04F79EFBC}") = "SampleAADv2Bot", "SampleAADv2Bot\SampleAADv2Bot.csproj", "{DFDC62CE-993B-461E-99DB-F079F46105C5}"
EndProject
Project("{FAE04EC0-301F-11D3-BF4B-00C04F79EFBC}") = "OneDriveBot", "OneDriveBot\OneDriveBot.csproj", "{44BE2EEE-3F57-44D0-A298-C0967048DAE8}"
EndProject
Project("{FAE04EC0-301F-11D3-BF4B-00C04F79EFBC}") = "SampleAADv1Bot", "SampleAADv1Bot\SampleAADv1Bot.csproj", "{D2253234-1279-486E-8A63-D8C3424E0525}"
EndProject
Global
	GlobalSection(SolutionConfigurationPlatforms) = preSolution
		Debug|Any CPU = Debug|Any CPU
		Release|Any CPU = Release|Any CPU
	EndGlobalSection
	GlobalSection(ProjectConfigurationPlatforms) = postSolution
		{B8AD59D3-C36D-4E18-B504-06871001BC8D}.Debug|Any CPU.ActiveCfg = Debug|Any CPU
		{B8AD59D3-C36D-4E18-B504-06871001BC8D}.Debug|Any CPU.Build.0 = Debug|Any CPU
		{B8AD59D3-C36D-4E18-B504-06871001BC8D}.Release|Any CPU.ActiveCfg = Release|Any CPU
		{B8AD59D3-C36D-4E18-B504-06871001BC8D}.Release|Any CPU.Build.0 = Release|Any CPU
		{DFDC62CE-993B-461E-99DB-F079F46105C5}.Debug|Any CPU.ActiveCfg = Debug|Any CPU
		{DFDC62CE-993B-461E-99DB-F079F46105C5}.Debug|Any CPU.Build.0 = Debug|Any CPU
		{DFDC62CE-993B-461E-99DB-F079F46105C5}.Release|Any CPU.ActiveCfg = Release|Any CPU
		{DFDC62CE-993B-461E-99DB-F079F46105C5}.Release|Any CPU.Build.0 = Release|Any CPU
		{44BE2EEE-3F57-44D0-A298-C0967048DAE8}.Debug|Any CPU.ActiveCfg = Debug|Any CPU
		{44BE2EEE-3F57-44D0-A298-C0967048DAE8}.Debug|Any CPU.Build.0 = Debug|Any CPU
		{44BE2EEE-3F57-44D0-A298-C0967048DAE8}.Release|Any CPU.ActiveCfg = Release|Any CPU
		{44BE2EEE-3F57-44D0-A298-C0967048DAE8}.Release|Any CPU.Build.0 = Release|Any CPU
		{D2253234-1279-486E-8A63-D8C3424E0525}.Debug|Any CPU.ActiveCfg = Debug|Any CPU
		{D2253234-1279-486E-8A63-D8C3424E0525}.Debug|Any CPU.Build.0 = Debug|Any CPU
		{D2253234-1279-486E-8A63-D8C3424E0525}.Release|Any CPU.ActiveCfg = Release|Any CPU
		{D2253234-1279-486E-8A63-D8C3424E0525}.Release|Any CPU.Build.0 = Release|Any CPU
	EndGlobalSection
	GlobalSection(SolutionProperties) = preSolution
		HideSolutionNode = FALSE
	EndGlobalSection
EndGlobal
